
Microsoft Visual Studio Solution File, Format Version 12.00
# Visual Studio Version 17
VisualStudioVersion = 17.0.31903.59
MinimumVisualStudioVersion = 10.0.40219.1
Project("{2150E333-8FDC-42A3-9474-1A3956D46DE8}") = "src", "src", "{2BC6BB72-B6D8-4875-B13F-5B35F6DBA7A6}"
EndProject
Project("{2150E333-8FDC-42A3-9474-1A3956D46DE8}") = "API", "API", "{CC8A71A8-F1D9-48E3-922C-B297AD3BAFE3}"
EndProject
Project("{2150E333-8FDC-42A3-9474-1A3956D46DE8}") = "Core", "Core", "{E2F1E82D-BBBF-4070-A0D2-C3EE245C1454}"
EndProject
Project("{2150E333-8FDC-42A3-9474-1A3956D46DE8}") = "Infrastructure", "Infrastructure", "{4C8A5185-DA4E-4E06-A5B9-C0486E0780DD}"
EndProject
Project("{9A19103F-16F7-4668-BE54-9A1E7A4F7556}") = "EnterpriseDemo.Api", "EnterpriseDemo.Api\EnterpriseDemo.Api.csproj", "{95DFFBD0-FE7D-4F9D-961D-0476A20DB80A}"
EndProject
Project("{9A19103F-16F7-4668-BE54-9A1E7A4F7556}") = "EnterpriseDemo.Application", "EnterpriseDemo.Application\EnterpriseDemo.Application.csproj", "{3BFB41E3-9891-4E3A-946E-86E069F065DA}"
EndProject
Project("{9A19103F-16F7-4668-BE54-9A1E7A4F7556}") = "EnterpriseDemo.Domain", "EnterpriseDemo.Domain\EnterpriseDemo.Domain.csproj", "{0C0821D9-451A-4815-B641-144EA70303CF}"
EndProject
Project("{9A19103F-16F7-4668-BE54-9A1E7A4F7556}") = "EnterpriseDemo.Shared", "EnterpriseDemo.Shared\EnterpriseDemo.Shared.csproj", "{9D0CC20E-B1AB-4C0F-B92B-950492B7F373}"
EndProject
Project("{9A19103F-16F7-4668-BE54-9A1E7A4F7556}") = "EnterpriseDemo.Identity", "EnterpriseDemo.Identity\EnterpriseDemo.Identity.csproj", "{6CAF088F-1F2A-4C0A-89CA-7BE867F086ED}"
EndProject
Project("{9A19103F-16F7-4668-BE54-9A1E7A4F7556}") = "EnterpriseDemo.Persistence", "EnterpriseDemo.Persistence\EnterpriseDemo.Persistence.csproj", "{3EAC69AC-B9D9-4C93-803D-643761730721}"
EndProject
Project("{9A19103F-16F7-4668-BE54-9A1E7A4F7556}") = "EnterpriseDemo.Infrastructure", "EnterpriseDemo.Infrastructure\EnterpriseDemo.Infrastructure.csproj", "{95E88E53-1864-453D-8CF7-22CD50E55723}"
EndProject
Global
	GlobalSection(SolutionConfigurationPlatforms) = preSolution
		Debug|Any CPU = Debug|Any CPU
		Release|Any CPU = Release|Any CPU
	EndGlobalSection
	GlobalSection(ProjectConfigurationPlatforms) = postSolution
		{95DFFBD0-FE7D-4F9D-961D-0476A20DB80A}.Debug|Any CPU.ActiveCfg = Debug|Any CPU
		{95DFFBD0-FE7D-4F9D-961D-0476A20DB80A}.Debug|Any CPU.Build.0 = Debug|Any CPU
		{95DFFBD0-FE7D-4F9D-961D-0476A20DB80A}.Release|Any CPU.ActiveCfg = Release|Any CPU
		{95DFFBD0-FE7D-4F9D-961D-0476A20DB80A}.Release|Any CPU.Build.0 = Release|Any CPU
		{3BFB41E3-9891-4E3A-946E-86E069F065DA}.Debug|Any CPU.ActiveCfg = Debug|Any CPU
		{3BFB41E3-9891-4E3A-946E-86E069F065DA}.Debug|Any CPU.Build.0 = Debug|Any CPU
		{3BFB41E3-9891-4E3A-946E-86E069F065DA}.Release|Any CPU.ActiveCfg = Release|Any CPU
		{3BFB41E3-9891-4E3A-946E-86E069F065DA}.Release|Any CPU.Build.0 = Release|Any CPU
		{0C0821D9-451A-4815-B641-144EA70303CF}.Debug|Any CPU.ActiveCfg = Debug|Any CPU
		{0C0821D9-451A-4815-B641-144EA70303CF}.Debug|Any CPU.Build.0 = Debug|Any CPU
		{0C0821D9-451A-4815-B641-144EA70303CF}.Release|Any CPU.ActiveCfg = Release|Any CPU
		{0C0821D9-451A-4815-B641-144EA70303CF}.Release|Any CPU.Build.0 = Release|Any CPU
		{9D0CC20E-B1AB-4C0F-B92B-950492B7F373}.Debug|Any CPU.ActiveCfg = Debug|Any CPU
		{9D0CC20E-B1AB-4C0F-B92B-950492B7F373}.Debug|Any CPU.Build.0 = Debug|Any CPU
		{9D0CC20E-B1AB-4C0F-B92B-950492B7F373}.Release|Any CPU.ActiveCfg = Release|Any CPU
		{9D0CC20E-B1AB-4C0F-B92B-950492B7F373}.Release|Any CPU.Build.0 = Release|Any CPU
		{6CAF088F-1F2A-4C0A-89CA-7BE867F086ED}.Debug|Any CPU.ActiveCfg = Debug|Any CPU
		{6CAF088F-1F2A-4C0A-89CA-7BE867F086ED}.Debug|Any CPU.Build.0 = Debug|Any CPU
		{6CAF088F-1F2A-4C0A-89CA-7BE867F086ED}.Release|Any CPU.ActiveCfg = Release|Any CPU
		{6CAF088F-1F2A-4C0A-89CA-7BE867F086ED}.Release|Any CPU.Build.0 = Release|Any CPU
		{3EAC69AC-B9D9-4C93-803D-643761730721}.Debug|Any CPU.ActiveCfg = Debug|Any CPU
		{3EAC69AC-B9D9-4C93-803D-643761730721}.Debug|Any CPU.Build.0 = Debug|Any CPU
		{3EAC69AC-B9D9-4C93-803D-643761730721}.Release|Any CPU.ActiveCfg = Release|Any CPU
		{3EAC69AC-B9D9-4C93-803D-643761730721}.Release|Any CPU.Build.0 = Release|Any CPU
		{95E88E53-1864-453D-8CF7-22CD50E55723}.Debug|Any CPU.ActiveCfg = Debug|Any CPU
		{95E88E53-1864-453D-8CF7-22CD50E55723}.Debug|Any CPU.Build.0 = Debug|Any CPU
		{95E88E53-1864-453D-8CF7-22CD50E55723}.Release|Any CPU.ActiveCfg = Release|Any CPU
		{95E88E53-1864-453D-8CF7-22CD50E55723}.Release|Any CPU.Build.0 = Release|Any CPU
	EndGlobalSection
	GlobalSection(SolutionProperties) = preSolution
		HideSolutionNode = FALSE
	EndGlobalSection
	GlobalSection(NestedProjects) = preSolution
		{CC8A71A8-F1D9-48E3-922C-B297AD3BAFE3} = {2BC6BB72-B6D8-4875-B13F-5B35F6DBA7A6}
		{E2F1E82D-BBBF-4070-A0D2-C3EE245C1454} = {2BC6BB72-B6D8-4875-B13F-5B35F6DBA7A6}
		{4C8A5185-DA4E-4E06-A5B9-C0486E0780DD} = {2BC6BB72-B6D8-4875-B13F-5B35F6DBA7A6}
		{95DFFBD0-FE7D-4F9D-961D-0476A20DB80A} = {CC8A71A8-F1D9-48E3-922C-B297AD3BAFE3}
		{3BFB41E3-9891-4E3A-946E-86E069F065DA} = {E2F1E82D-BBBF-4070-A0D2-C3EE245C1454}
		{0C0821D9-451A-4815-B641-144EA70303CF} = {E2F1E82D-BBBF-4070-A0D2-C3EE245C1454}
		{9D0CC20E-B1AB-4C0F-B92B-950492B7F373} = {E2F1E82D-BBBF-4070-A0D2-C3EE245C1454}
		{6CAF088F-1F2A-4C0A-89CA-7BE867F086ED} = {4C8A5185-DA4E-4E06-A5B9-C0486E0780DD}
		{3EAC69AC-B9D9-4C93-803D-643761730721} = {4C8A5185-DA4E-4E06-A5B9-C0486E0780DD}
		{95E88E53-1864-453D-8CF7-22CD50E55723} = {4C8A5185-DA4E-4E06-A5B9-C0486E0780DD}
	EndGlobalSection
	GlobalSection(ExtensibilityGlobals) = postSolution
		SolutionGuid = {F8D1B733-72C5-4F6A-A0E7-93D3E505BC7C}
	EndGlobalSection
EndGlobal
